
Microsoft Visual Studio Solution File, Format Version 12.00
# Visual Studio 15
VisualStudioVersion = 15.0.27703.2026
MinimumVisualStudioVersion = 10.0.40219.1
Project("{FAE04EC0-301F-11D3-BF4B-00C04F79EFBC}") = "chapter9", "chapter9\chapter9.csproj", "{99B4EFB8-B20D-43DB-B4F1-794AF863359C}"
EndProject
Global
	GlobalSection(SolutionConfigurationPlatforms) = preSolution
		Debug|Any CPU = Debug|Any CPU
		Release|Any CPU = Release|Any CPU
	EndGlobalSection
	GlobalSection(ProjectConfigurationPlatforms) = postSolution
		{99B4EFB8-B20D-43DB-B4F1-794AF863359C}.Debug|Any CPU.ActiveCfg = Debug|Any CPU
		{99B4EFB8-B20D-43DB-B4F1-794AF863359C}.Debug|Any CPU.Build.0 = Debug|Any CPU
		{99B4EFB8-B20D-43DB-B4F1-794AF863359C}.Release|Any CPU.ActiveCfg = Release|Any CPU
		{99B4EFB8-B20D-43DB-B4F1-794AF863359C}.Release|Any CPU.Build.0 = Release|Any CPU
	EndGlobalSection
	GlobalSection(SolutionProperties) = preSolution
		HideSolutionNode = FALSE
	EndGlobalSection
	GlobalSection(ExtensibilityGlobals) = postSolution
		SolutionGuid = {5E7D2D25-B3CC-4439-AAFF-523DE812BB21}
	EndGlobalSection
EndGlobal
